
Microsoft Visual Studio Solution File, Format Version 12.00
# Visual Studio Version 16
VisualStudioVersion = 16.0.28822.285
MinimumVisualStudioVersion = 10.0.40219.1
Project("{9A19103F-16F7-4668-BE54-9A1E7A4F7556}") = "MyWonderfulApp.Service", "MyWonderfulApp.Service\MyWonderfulApp.Service.csproj", "{6F3035F2-B491-4238-8392-4AACA9AD7DFE}"
EndProject
Project("{9A19103F-16F7-4668-BE54-9A1E7A4F7556}") = "MyWonderfulApp.Core", "MyWonderfulApp.Core\MyWonderfulApp.Core.csproj", "{635585A9-FF6F-41C6-851D-86F204C4CD7A}"
EndProject
Project("{9A19103F-16F7-4668-BE54-9A1E7A4F7556}") = "MyWonderfulApp.Data", "MyWonderfulApp.Data\MyWonderfulApp.Data.csproj", "{C6FD8A48-8204-4D77-9D9B-07CFE91F5559}"
EndProject
Project("{FAE04EC0-301F-11D3-BF4B-00C04F79EFBC}") = "MyWonderfulApp.Tests", "MyWonderfulApp.Tests\MyWonderfulApp.Tests.csproj", "{BB948193-A8CA-4F1A-874F-77382890551F}"
EndProject
Global
	GlobalSection(SolutionConfigurationPlatforms) = preSolution
		Debug|Any CPU = Debug|Any CPU
		Release|Any CPU = Release|Any CPU
	EndGlobalSection
	GlobalSection(ProjectConfigurationPlatforms) = postSolution
		{6F3035F2-B491-4238-8392-4AACA9AD7DFE}.Debug|Any CPU.ActiveCfg = Debug|Any CPU
		{6F3035F2-B491-4238-8392-4AACA9AD7DFE}.Debug|Any CPU.Build.0 = Debug|Any CPU
		{6F3035F2-B491-4238-8392-4AACA9AD7DFE}.Release|Any CPU.ActiveCfg = Release|Any CPU
		{6F3035F2-B491-4238-8392-4AACA9AD7DFE}.Release|Any CPU.Build.0 = Release|Any CPU
		{635585A9-FF6F-41C6-851D-86F204C4CD7A}.Debug|Any CPU.ActiveCfg = Debug|Any CPU
		{635585A9-FF6F-41C6-851D-86F204C4CD7A}.Debug|Any CPU.Build.0 = Debug|Any CPU
		{635585A9-FF6F-41C6-851D-86F204C4CD7A}.Release|Any CPU.ActiveCfg = Release|Any CPU
		{635585A9-FF6F-41C6-851D-86F204C4CD7A}.Release|Any CPU.Build.0 = Release|Any CPU
		{C6FD8A48-8204-4D77-9D9B-07CFE91F5559}.Debug|Any CPU.ActiveCfg = Debug|Any CPU
		{C6FD8A48-8204-4D77-9D9B-07CFE91F5559}.Debug|Any CPU.Build.0 = Debug|Any CPU
		{C6FD8A48-8204-4D77-9D9B-07CFE91F5559}.Release|Any CPU.ActiveCfg = Release|Any CPU
		{C6FD8A48-8204-4D77-9D9B-07CFE91F5559}.Release|Any CPU.Build.0 = Release|Any CPU
		{BB948193-A8CA-4F1A-874F-77382890551F}.Debug|Any CPU.ActiveCfg = Debug|Any CPU
		{BB948193-A8CA-4F1A-874F-77382890551F}.Debug|Any CPU.Build.0 = Debug|Any CPU
		{BB948193-A8CA-4F1A-874F-77382890551F}.Release|Any CPU.ActiveCfg = Release|Any CPU
		{BB948193-A8CA-4F1A-874F-77382890551F}.Release|Any CPU.Build.0 = Release|Any CPU
	EndGlobalSection
	GlobalSection(SolutionProperties) = preSolution
		HideSolutionNode = FALSE
	EndGlobalSection
	GlobalSection(ExtensibilityGlobals) = postSolution
		SolutionGuid = {FBCD6F0E-28F6-4CE9-BD42-C1F5CBCAE341}
	EndGlobalSection
EndGlobal
